// !$*UTF8*$!
{
	archiveVersion = 1;
	classes = {
	};
	objectVersion = 55;
	objects = {

/* Begin PBXBuildFile section */
		D916AF34283A2E1D00A8E94B /* InventoryApp.swift in Sources */ = {isa = PBXBuildFile; fileRef = D916AF33283A2E1D00A8E94B /* InventoryApp.swift */; };
		D916AF36283A2E1D00A8E94B /* ContentView.swift in Sources */ = {isa = PBXBuildFile; fileRef = D916AF35283A2E1D00A8E94B /* ContentView.swift */; };
		D916AF38283A2E1E00A8E94B /* Assets.xcassets in Resources */ = {isa = PBXBuildFile; fileRef = D916AF37283A2E1E00A8E94B /* Assets.xcassets */; };
		D916AF3B283A2E1E00A8E94B /* Preview Assets.xcassets in Resources */ = {isa = PBXBuildFile; fileRef = D916AF3A283A2E1E00A8E94B /* Preview Assets.xcassets */; };
		D916AF45283A2E1F00A8E94B /* InventoryTests.swift in Sources */ = {isa = PBXBuildFile; fileRef = D916AF44283A2E1F00A8E94B /* InventoryTests.swift */; };
		D916AF4F283A2E1F00A8E94B /* InventoryUITests.swift in Sources */ = {isa = PBXBuildFile; fileRef = D916AF4E283A2E1F00A8E94B /* InventoryUITests.swift */; };
		D916AF51283A2E1F00A8E94B /* InventoryUITestsLaunchTests.swift in Sources */ = {isa = PBXBuildFile; fileRef = D916AF50283A2E1F00A8E94B /* InventoryUITestsLaunchTests.swift */; };
		D916AF5E283A2E3800A8E94B /* Inventory.swift in Sources */ = {isa = PBXBuildFile; fileRef = D916AF5D283A2E3800A8E94B /* Inventory.swift */; };
/* End PBXBuildFile section */

/* Begin PBXContainerItemProxy section */
		D916AF41283A2E1E00A8E94B /* PBXContainerItemProxy */ = {
			isa = PBXContainerItemProxy;
			containerPortal = D916AF28283A2E1C00A8E94B /* Project object */;
			proxyType = 1;
			remoteGlobalIDString = D916AF2F283A2E1D00A8E94B;
			remoteInfo = Inventory;
		};
		D916AF4B283A2E1F00A8E94B /* PBXContainerItemProxy */ = {
			isa = PBXContainerItemProxy;
			containerPortal = D916AF28283A2E1C00A8E94B /* Project object */;
			proxyType = 1;
			remoteGlobalIDString = D916AF2F283A2E1D00A8E94B;
			remoteInfo = Inventory;
		};
/* End PBXContainerItemProxy section */

/* Begin PBXFileReference section */
		D916AF30283A2E1D00A8E94B /* Inventory.app */ = {isa = PBXFileReference; explicitFileType = wrapper.application; includeInIndex = 0; path = Inventory.app; sourceTree = BUILT_PRODUCTS_DIR; };
		D916AF33283A2E1D00A8E94B /* InventoryApp.swift */ = {isa = PBXFileReference; lastKnownFileType = sourcecode.swift; path = InventoryApp.swift; sourceTree = "<group>"; };
		D916AF35283A2E1D00A8E94B /* ContentView.swift */ = {isa = PBXFileReference; lastKnownFileType = sourcecode.swift; path = ContentView.swift; sourceTree = "<group>"; };
		D916AF37283A2E1E00A8E94B /* Assets.xcassets */ = {isa = PBXFileReference; lastKnownFileType = folder.assetcatalog; path = Assets.xcassets; sourceTree = "<group>"; };
		D916AF3A283A2E1E00A8E94B /* Preview Assets.xcassets */ = {isa = PBXFileReference; lastKnownFileType = folder.assetcatalog; path = "Preview Assets.xcassets"; sourceTree = "<group>"; };
		D916AF40283A2E1E00A8E94B /* InventoryTests.xctest */ = {isa = PBXFileReference; explicitFileType = wrapper.cfbundle; includeInIndex = 0; path = InventoryTests.xctest; sourceTree = BUILT_PRODUCTS_DIR; };
		D916AF44283A2E1F00A8E94B /* InventoryTests.swift */ = {isa = PBXFileReference; lastKnownFileType = sourcecode.swift; path = InventoryTests.swift; sourceTree = "<group>"; };
		D916AF4A283A2E1F00A8E94B /* InventoryUITests.xctest */ = {isa = PBXFileReference; explicitFileType = wrapper.cfbundle; includeInIndex = 0; path = InventoryUITests.xctest; sourceTree = BUILT_PRODUCTS_DIR; };
		D916AF4E283A2E1F00A8E94B /* InventoryUITests.swift */ = {isa = PBXFileReference; lastKnownFileType = sourcecode.swift; path = InventoryUITests.swift; sourceTree = "<group>"; };
		D916AF50283A2E1F00A8E94B /* InventoryUITestsLaunchTests.swift */ = {isa = PBXFileReference; lastKnownFileType = sourcecode.swift; path = InventoryUITestsLaunchTests.swift; sourceTree = "<group>"; };
		D916AF5D283A2E3800A8E94B /* Inventory.swift */ = {isa = PBXFileReference; lastKnownFileType = sourcecode.swift; path = Inventory.swift; sourceTree = "<group>"; };
/* End PBXFileReference section */

/* Begin PBXFrameworksBuildPhase section */
		D916AF2D283A2E1D00A8E94B /* Frameworks */ = {
			isa = PBXFrameworksBuildPhase;
			buildActionMask = 2147483647;
			files = (
			);
			runOnlyForDeploymentPostprocessing = 0;
		};
		D916AF3D283A2E1E00A8E94B /* Frameworks */ = {
			isa = PBXFrameworksBuildPhase;
			buildActionMask = 2147483647;
			files = (
			);
			runOnlyForDeploymentPostprocessing = 0;
		};
		D916AF47283A2E1F00A8E94B /* Frameworks */ = {
			isa = PBXFrameworksBuildPhase;
			buildActionMask = 2147483647;
			files = (
			);
			runOnlyForDeploymentPostprocessing = 0;
		};
/* End PBXFrameworksBuildPhase section */

/* Begin PBXGroup section */
		D916AF27283A2E1C00A8E94B = {
			isa = PBXGroup;
			children = (
				D916AF32283A2E1D00A8E94B /* Inventory */,
				D916AF43283A2E1F00A8E94B /* InventoryTests */,
				D916AF4D283A2E1F00A8E94B /* InventoryUITests */,
				D916AF31283A2E1D00A8E94B /* Products */,
			);
			sourceTree = "<group>";
		};
		D916AF31283A2E1D00A8E94B /* Products */ = {
			isa = PBXGroup;
			children = (
				D916AF30283A2E1D00A8E94B /* Inventory.app */,
				D916AF40283A2E1E00A8E94B /* InventoryTests.xctest */,
				D916AF4A283A2E1F00A8E94B /* InventoryUITests.xctest */,
			);
			name = Products;
			sourceTree = "<group>";
		};
		D916AF32283A2E1D00A8E94B /* Inventory */ = {
			isa = PBXGroup;
			children = (
				D916AF33283A2E1D00A8E94B /* InventoryApp.swift */,
				D916AF5D283A2E3800A8E94B /* Inventory.swift */,
				D916AF35283A2E1D00A8E94B /* ContentView.swift */,
				D916AF37283A2E1E00A8E94B /* Assets.xcassets */,
				D916AF39283A2E1E00A8E94B /* Preview Content */,
			);
			path = Inventory;
			sourceTree = "<group>";
		};
		D916AF39283A2E1E00A8E94B /* Preview Content */ = {
			isa = PBXGroup;
			children = (
				D916AF3A283A2E1E00A8E94B /* Preview Assets.xcassets */,
			);
			path = "Preview Content";
			sourceTree = "<group>";
		};
		D916AF43283A2E1F00A8E94B /* InventoryTests */ = {
			isa = PBXGroup;
			children = (
				D916AF44283A2E1F00A8E94B /* InventoryTests.swift */,
			);
			path = InventoryTests;
			sourceTree = "<group>";
		};
		D916AF4D283A2E1F00A8E94B /* InventoryUITests */ = {
			isa = PBXGroup;
			children = (
				D916AF4E283A2E1F00A8E94B /* InventoryUITests.swift */,
				D916AF50283A2E1F00A8E94B /* InventoryUITestsLaunchTests.swift */,
			);
			path = InventoryUITests;
			sourceTree = "<group>";
		};
/* End PBXGroup section */

/* Begin PBXNativeTarget section */
		D916AF2F283A2E1D00A8E94B /* Inventory */ = {
			isa = PBXNativeTarget;
			buildConfigurationList = D916AF54283A2E1F00A8E94B /* Build configuration list for PBXNativeTarget "Inventory" */;
			buildPhases = (
				D916AF2C283A2E1D00A8E94B /* Sources */,
				D916AF2D283A2E1D00A8E94B /* Frameworks */,
				D916AF2E283A2E1D00A8E94B /* Resources */,
			);
			buildRules = (
			);
			dependencies = (
			);
			name = Inventory;
			productName = Inventory;
			productReference = D916AF30283A2E1D00A8E94B /* Inventory.app */;
			productType = "com.apple.product-type.application";
		};
		D916AF3F283A2E1E00A8E94B /* InventoryTests */ = {
			isa = PBXNativeTarget;
			buildConfigurationList = D916AF57283A2E1F00A8E94B /* Build configuration list for PBXNativeTarget "InventoryTests" */;
			buildPhases = (
				D916AF3C283A2E1E00A8E94B /* Sources */,
				D916AF3D283A2E1E00A8E94B /* Frameworks */,
				D916AF3E283A2E1E00A8E94B /* Resources */,
			);
			buildRules = (
			);
			dependencies = (
				D916AF42283A2E1E00A8E94B /* PBXTargetDependency */,
			);
			name = InventoryTests;
			productName = InventoryTests;
			productReference = D916AF40283A2E1E00A8E94B /* InventoryTests.xctest */;
			productType = "com.apple.product-type.bundle.unit-test";
		};
		D916AF49283A2E1F00A8E94B /* InventoryUITests */ = {
			isa = PBXNativeTarget;
			buildConfigurationList = D916AF5A283A2E1F00A8E94B /* Build configuration list for PBXNativeTarget "InventoryUITests" */;
			buildPhases = (
				D916AF46283A2E1F00A8E94B /* Sources */,
				D916AF47283A2E1F00A8E94B /* Frameworks */,
				D916AF48283A2E1F00A8E94B /* Resources */,
			);
			buildRules = (
			);
			dependencies = (
				D916AF4C283A2E1F00A8E94B /* PBXTargetDependency */,
			);
			name = InventoryUITests;
			productName = InventoryUITests;
			productReference = D916AF4A283A2E1F00A8E94B /* InventoryUITests.xctest */;
			productType = "com.apple.product-type.bundle.ui-testing";
		};
/* End PBXNativeTarget section */

/* Begin PBXProject section */
		D916AF28283A2E1C00A8E94B /* Project object */ = {
			isa = PBXProject;
			attributes = {
				BuildIndependentTargetsInParallel = 1;
				LastSwiftUpdateCheck = 1330;
				LastUpgradeCheck = 1330;
				TargetAttributes = {
					D916AF2F283A2E1D00A8E94B = {
						CreatedOnToolsVersion = 13.3.1;
					};
					D916AF3F283A2E1E00A8E94B = {
						CreatedOnToolsVersion = 13.3.1;
						TestTargetID = D916AF2F283A2E1D00A8E94B;
					};
					D916AF49283A2E1F00A8E94B = {
						CreatedOnToolsVersion = 13.3.1;
						TestTargetID = D916AF2F283A2E1D00A8E94B;
					};
				};
			};
			buildConfigurationList = D916AF2B283A2E1C00A8E94B /* Build configuration list for PBXProject "Inventory" */;
			compatibilityVersion = "Xcode 13.0";
			developmentRegion = en;
			hasScannedForEncodings = 0;
			knownRegions = (
				en,
				Base,
			);
			mainGroup = D916AF27283A2E1C00A8E94B;
			productRefGroup = D916AF31283A2E1D00A8E94B /* Products */;
			projectDirPath = "";
			projectRoot = "";
			targets = (
				D916AF2F283A2E1D00A8E94B /* Inventory */,
				D916AF3F283A2E1E00A8E94B /* InventoryTests */,
				D916AF49283A2E1F00A8E94B /* InventoryUITests */,
			);
		};
/* End PBXProject section */

/* Begin PBXResourcesBuildPhase section */
		D916AF2E283A2E1D00A8E94B /* Resources */ = {
			isa = PBXResourcesBuildPhase;
			buildActionMask = 2147483647;
			files = (
				D916AF3B283A2E1E00A8E94B /* Preview Assets.xcassets in Resources */,
				D916AF38283A2E1E00A8E94B /* Assets.xcassets in Resources */,
			);
			runOnlyForDeploymentPostprocessing = 0;
		};
		D916AF3E283A2E1E00A8E94B /* Resources */ = {
			isa = PBXResourcesBuildPhase;
			buildActionMask = 2147483647;
			files = (
			);
			runOnlyForDeploymentPostprocessing = 0;
		};
		D916AF48283A2E1F00A8E94B /* Resources */ = {
			isa = PBXResourcesBuildPhase;
			buildActionMask = 2147483647;
			files = (
			);
			runOnlyForDeploymentPostprocessing = 0;
		};
/* End PBXResourcesBuildPhase section */

/* Begin PBXSourcesBuildPhase section */
		D916AF2C283A2E1D00A8E94B /* Sources */ = {
			isa = PBXSourcesBuildPhase;
			buildActionMask = 2147483647;
			files = (
				D916AF5E283A2E3800A8E94B /* Inventory.swift in Sources */,
				D916AF36283A2E1D00A8E94B /* ContentView.swift in Sources */,
				D916AF34283A2E1D00A8E94B /* InventoryApp.swift in Sources */,
			);
			runOnlyForDeploymentPostprocessing = 0;
		};
		D916AF3C283A2E1E00A8E94B /* Sources */ = {
			isa = PBXSourcesBuildPhase;
			buildActionMask = 2147483647;
			files = (
				D916AF45283A2E1F00A8E94B /* InventoryTests.swift in Sources */,
			);
			runOnlyForDeploymentPostprocessing = 0;
		};
		D916AF46283A2E1F00A8E94B /* Sources */ = {
			isa = PBXSourcesBuildPhase;
			buildActionMask = 2147483647;
			files = (
				D916AF4F283A2E1F00A8E94B /* InventoryUITests.swift in Sources */,
				D916AF51283A2E1F00A8E94B /* InventoryUITestsLaunchTests.swift in Sources */,
			);
			runOnlyForDeploymentPostprocessing = 0;
		};
/* End PBXSourcesBuildPhase section */

/* Begin PBXTargetDependency section */
		D916AF42283A2E1E00A8E94B /* PBXTargetDependency */ = {
			isa = PBXTargetDependency;
			target = D916AF2F283A2E1D00A8E94B /* Inventory */;
			targetProxy = D916AF41283A2E1E00A8E94B /* PBXContainerItemProxy */;
		};
		D916AF4C283A2E1F00A8E94B /* PBXTargetDependency */ = {
			isa = PBXTargetDependency;
			target = D916AF2F283A2E1D00A8E94B /* Inventory */;
			targetProxy = D916AF4B283A2E1F00A8E94B /* PBXContainerItemProxy */;
		};
/* End PBXTargetDependency section */

/* Begin XCBuildConfiguration section */
		D916AF52283A2E1F00A8E94B /* Debug */ = {
			isa = XCBuildConfiguration;
			buildSettings = {
				ALWAYS_SEARCH_USER_PATHS = NO;
				CLANG_ANALYZER_NONNULL = YES;
				CLANG_ANALYZER_NUMBER_OBJECT_CONVERSION = YES_AGGRESSIVE;
				CLANG_CXX_LANGUAGE_STANDARD = "gnu++17";
				CLANG_ENABLE_MODULES = YES;
				CLANG_ENABLE_OBJC_ARC = YES;
				CLANG_ENABLE_OBJC_WEAK = YES;
				CLANG_WARN_BLOCK_CAPTURE_AUTORELEASING = YES;
				CLANG_WARN_BOOL_CONVERSION = YES;
				CLANG_WARN_COMMA = YES;
				CLANG_WARN_CONSTANT_CONVERSION = YES;
				CLANG_WARN_DEPRECATED_OBJC_IMPLEMENTATIONS = YES;
				CLANG_WARN_DIRECT_OBJC_ISA_USAGE = YES_ERROR;
				CLANG_WARN_DOCUMENTATION_COMMENTS = YES;
				CLANG_WARN_EMPTY_BODY = YES;
				CLANG_WARN_ENUM_CONVERSION = YES;
				CLANG_WARN_INFINITE_RECURSION = YES;
				CLANG_WARN_INT_CONVERSION = YES;
				CLANG_WARN_NON_LITERAL_NULL_CONVERSION = YES;
				CLANG_WARN_OBJC_IMPLICIT_RETAIN_SELF = YES;
				CLANG_WARN_OBJC_LITERAL_CONVERSION = YES;
				CLANG_WARN_OBJC_ROOT_CLASS = YES_ERROR;
				CLANG_WARN_QUOTED_INCLUDE_IN_FRAMEWORK_HEADER = YES;
				CLANG_WARN_RANGE_LOOP_ANALYSIS = YES;
				CLANG_WARN_STRICT_PROTOTYPES = YES;
				CLANG_WARN_SUSPICIOUS_MOVE = YES;
				CLANG_WARN_UNGUARDED_AVAILABILITY = YES_AGGRESSIVE;
				CLANG_WARN_UNREACHABLE_CODE = YES;
				CLANG_WARN__DUPLICATE_METHOD_MATCH = YES;
				COPY_PHASE_STRIP = NO;
				DEBUG_INFORMATION_FORMAT = dwarf;
				ENABLE_STRICT_OBJC_MSGSEND = YES;
				ENABLE_TESTABILITY = YES;
				GCC_C_LANGUAGE_STANDARD = gnu11;
				GCC_DYNAMIC_NO_PIC = NO;
				GCC_NO_COMMON_BLOCKS = YES;
				GCC_OPTIMIZATION_LEVEL = 0;
				GCC_PREPROCESSOR_DEFINITIONS = (
					"DEBUG=1",
					"$(inherited)",
				);
				GCC_WARN_64_TO_32_BIT_CONVERSION = YES;
				GCC_WARN_ABOUT_RETURN_TYPE = YES_ERROR;
				GCC_WARN_UNDECLARED_SELECTOR = YES;
				GCC_WARN_UNINITIALIZED_AUTOS = YES_AGGRESSIVE;
				GCC_WARN_UNUSED_FUNCTION = YES;
				GCC_WARN_UNUSED_VARIABLE = YES;
				IPHONEOS_DEPLOYMENT_TARGET = 15.4;
				MTL_ENABLE_DEBUG_INFO = INCLUDE_SOURCE;
				MTL_FAST_MATH = YES;
				ONLY_ACTIVE_ARCH = YES;
				SDKROOT = iphoneos;
				SWIFT_ACTIVE_COMPILATION_CONDITIONS = DEBUG;
				SWIFT_OPTIMIZATION_LEVEL = "-Onone";
			};
			name = Debug;
		};
		D916AF53283A2E1F00A8E94B /* Release */ = {
			isa = XCBuildConfiguration;
			buildSettings = {
				ALWAYS_SEARCH_USER_PATHS = NO;
				CLANG_ANALYZER_NONNULL = YES;
				CLANG_ANALYZER_NUMBER_OBJECT_CONVERSION = YES_AGGRESSIVE;
				CLANG_CXX_LANGUAGE_STANDARD = "gnu++17";
				CLANG_ENABLE_MODULES = YES;
				CLANG_ENABLE_OBJC_ARC = YES;
				CLANG_ENABLE_OBJC_WEAK = YES;
				CLANG_WARN_BLOCK_CAPTURE_AUTORELEASING = YES;
				CLANG_WARN_BOOL_CONVERSION = YES;
				CLANG_WARN_COMMA = YES;
				CLANG_WARN_CONSTANT_CONVERSION = YES;
				CLANG_WARN_DEPRECATED_OBJC_IMPLEMENTATIONS = YES;
				CLANG_WARN_DIRECT_OBJC_ISA_USAGE = YES_ERROR;
				CLANG_WARN_DOCUMENTATION_COMMENTS = YES;
				CLANG_WARN_EMPTY_BODY = YES;
				CLANG_WARN_ENUM_CONVERSION = YES;
				CLANG_WARN_INFINITE_RECURSION = YES;
				CLANG_WARN_INT_CONVERSION = YES;
				CLANG_WARN_NON_LITERAL_NULL_CONVERSION = YES;
				CLANG_WARN_OBJC_IMPLICIT_RETAIN_SELF = YES;
				CLANG_WARN_OBJC_LITERAL_CONVERSION = YES;
				CLANG_WARN_OBJC_ROOT_CLASS = YES_ERROR;
				CLANG_WARN_QUOTED_INCLUDE_IN_FRAMEWORK_HEADER = YES;
				CLANG_WARN_RANGE_LOOP_ANALYSIS = YES;
				CLANG_WARN_STRICT_PROTOTYPES = YES;
				CLANG_WARN_SUSPICIOUS_MOVE = YES;
				CLANG_WARN_UNGUARDED_AVAILABILITY = YES_AGGRESSIVE;
				CLANG_WARN_UNREACHABLE_CODE = YES;
				CLANG_WARN__DUPLICATE_METHOD_MATCH = YES;
				COPY_PHASE_STRIP = NO;
				DEBUG_INFORMATION_FORMAT = "dwarf-with-dsym";
				ENABLE_NS_ASSERTIONS = NO;
				ENABLE_STRICT_OBJC_MSGSEND = YES;
				GCC_C_LANGUAGE_STANDARD = gnu11;
				GCC_NO_COMMON_BLOCKS = YES;
				GCC_WARN_64_TO_32_BIT_CONVERSION = YES;
				GCC_WARN_ABOUT_RETURN_TYPE = YES_ERROR;
				GCC_WARN_UNDECLARED_SELECTOR = YES;
				GCC_WARN_UNINITIALIZED_AUTOS = YES_AGGRESSIVE;
				GCC_WARN_UNUSED_FUNCTION = YES;
				GCC_WARN_UNUSED_VARIABLE = YES;
				IPHONEOS_DEPLOYMENT_TARGET = 15.4;
				MTL_ENABLE_DEBUG_INFO = NO;
				MTL_FAST_MATH = YES;
				SDKROOT = iphoneos;
				SWIFT_COMPILATION_MODE = wholemodule;
				SWIFT_OPTIMIZATION_LEVEL = "-O";
				VALIDATE_PRODUCT = YES;
			};
			name = Release;
		};
		D916AF55283A2E1F00A8E94B /* Debug */ = {
			isa = XCBuildConfiguration;
			buildSettings = {
				ASSETCATALOG_COMPILER_APPICON_NAME = AppIcon;
				ASSETCATALOG_COMPILER_GLOBAL_ACCENT_COLOR_NAME = AccentColor;
				CODE_SIGN_STYLE = Automatic;
				CURRENT_PROJECT_VERSION = 1;
				DEVELOPMENT_ASSET_PATHS = "\"Inventory/Preview Content\"";
				ENABLE_PREVIEWS = YES;
				GENERATE_INFOPLIST_FILE = YES;
				INFOPLIST_KEY_UIApplicationSceneManifest_Generation = YES;
				INFOPLIST_KEY_UIApplicationSupportsIndirectInputEvents = YES;
				INFOPLIST_KEY_UILaunchScreen_Generation = YES;
				INFOPLIST_KEY_UISupportedInterfaceOrientations_iPad = "UIInterfaceOrientationPortrait UIInterfaceOrientationPortraitUpsideDown UIInterfaceOrientationLandscapeLeft UIInterfaceOrientationLandscapeRight";
				INFOPLIST_KEY_UISupportedInterfaceOrientations_iPhone = "UIInterfaceOrientationPortrait UIInterfaceOrientationLandscapeLeft UIInterfaceOrientationLandscapeRight";
				LD_RUNPATH_SEARCH_PATHS = (
					"$(inherited)",
					"@executable_path/Frameworks",
				);
				MARKETING_VERSION = 1.0;
				PRODUCT_BUNDLE_IDENTIFIER = com.alfianlosari.Inventory;
				PRODUCT_NAME = "$(TARGET_NAME)";
				SWIFT_EMIT_LOC_STRINGS = YES;
				SWIFT_VERSION = 5.0;
				TARGETED_DEVICE_FAMILY = "1,2";
			};
			name = Debug;
		};
		D916AF56283A2E1F00A8E94B /* Release */ = {
			isa = XCBuildConfiguration;
			buildSettings = {
				ASSETCATALOG_COMPILER_APPICON_NAME = AppIcon;
				ASSETCATALOG_COMPILER_GLOBAL_ACCENT_COLOR_NAME = AccentColor;
				CODE_SIGN_STYLE = Automatic;
				CURRENT_PROJECT_VERSION = 1;
				DEVELOPMENT_ASSET_PATHS = "\"Inventory/Preview Content\"";
				ENABLE_PREVIEWS = YES;
				GENERATE_INFOPLIST_FILE = YES;
				INFOPLIST_KEY_UIApplicationSceneManifest_Generation = YES;
				INFOPLIST_KEY_UIApplicationSupportsIndirectInputEvents = YES;
				INFOPLIST_KEY_UILaunchScreen_Generation = YES;
				INFOPLIST_KEY_UISupportedInterfaceOrientations_iPad = "UIInterfaceOrientationPortrait UIInterfaceOrientationPortraitUpsideDown UIInterfaceOrientationLandscapeLeft UIInterfaceOrientationLandscapeRight";
				INFOPLIST_KEY_UISupportedInterfaceOrientations_iPhone = "UIInterfaceOrientationPortrait UIInterfaceOrientationLandscapeLeft UIInterfaceOrientationLandscapeRight";
				LD_RUNPATH_SEARCH_PATHS = (
					"$(inherited)",
					"@executable_path/Frameworks",
				);
				MARKETING_VERSION = 1.0;
				PRODUCT_BUNDLE_IDENTIFIER = com.alfianlosari.Inventory;
				PRODUCT_NAME = "$(TARGET_NAME)";
				SWIFT_EMIT_LOC_STRINGS = YES;
				SWIFT_VERSION = 5.0;
				TARGETED_DEVICE_FAMILY = "1,2";
			};
			name = Release;
		};
		D916AF58283A2E1F00A8E94B /* Debug */ = {
			isa = XCBuildConfiguration;
			buildSettings = {
				ALWAYS_EMBED_SWIFT_STANDARD_LIBRARIES = YES;
				BUNDLE_LOADER = "$(TEST_HOST)";
				CODE_SIGN_STYLE = Automatic;
				CURRENT_PROJECT_VERSION = 1;
				GENERATE_INFOPLIST_FILE = YES;
				IPHONEOS_DEPLOYMENT_TARGET = 15.4;
				MARKETING_VERSION = 1.0;
				PRODUCT_BUNDLE_IDENTIFIER = com.alfianlosari.InventoryTests;
				PRODUCT_NAME = "$(TARGET_NAME)";
				SWIFT_EMIT_LOC_STRINGS = NO;
				SWIFT_VERSION = 5.0;
				TARGETED_DEVICE_FAMILY = "1,2";
				TEST_HOST = "$(BUILT_PRODUCTS_DIR)/Inventory.app/Inventory";
			};
			name = Debug;
		};
		D916AF59283A2E1F00A8E94B /* Release */ = {
			isa = XCBuildConfiguration;
			buildSettings = {
				ALWAYS_EMBED_SWIFT_STANDARD_LIBRARIES = YES;
				BUNDLE_LOADER = "$(TEST_HOST)";
				CODE_SIGN_STYLE = Automatic;
				CURRENT_PROJECT_VERSION = 1;
				GENERATE_INFOPLIST_FILE = YES;
				IPHONEOS_DEPLOYMENT_TARGET = 15.4;
				MARKETING_VERSION = 1.0;
				PRODUCT_BUNDLE_IDENTIFIER = com.alfianlosari.InventoryTests;
				PRODUCT_NAME = "$(TARGET_NAME)";
				SWIFT_EMIT_LOC_STRINGS = NO;
				SWIFT_VERSION = 5.0;
				TARGETED_DEVICE_FAMILY = "1,2";
				TEST_HOST = "$(BUILT_PRODUCTS_DIR)/Inventory.app/Inventory";
			};
			name = Release;
		};
		D916AF5B283A2E1F00A8E94B /* Debug */ = {
			isa = XCBuildConfiguration;
			buildSettings = {
				ALWAYS_EMBED_SWIFT_STANDARD_LIBRARIES = YES;
				CODE_SIGN_STYLE = Automatic;
				CURRENT_PROJECT_VERSION = 1;
				GENERATE_INFOPLIST_FILE = YES;
				MARKETING_VERSION = 1.0;
				PRODUCT_BUNDLE_IDENTIFIER = com.alfianlosari.InventoryUITests;
				PRODUCT_NAME = "$(TARGET_NAME)";
				SWIFT_EMIT_LOC_STRINGS = NO;
				SWIFT_VERSION = 5.0;
				TARGETED_DEVICE_FAMILY = "1,2";
				TEST_TARGET_NAME = Inventory;
			};
			name = Debug;
		};
		D916AF5C283A2E1F00A8E94B /* Release */ = {
			isa = XCBuildConfiguration;
			buildSettings = {
				ALWAYS_EMBED_SWIFT_STANDARD_LIBRARIES = YES;
				CODE_SIGN_STYLE = Automatic;
				CURRENT_PROJECT_VERSION = 1;
				GENERATE_INFOPLIST_FILE = YES;
				MARKETING_VERSION = 1.0;
				PRODUCT_BUNDLE_IDENTIFIER = com.alfianlosari.InventoryUITests;
				PRODUCT_NAME = "$(TARGET_NAME)";
				SWIFT_EMIT_LOC_STRINGS = NO;
				SWIFT_VERSION = 5.0;
				TARGETED_DEVICE_FAMILY = "1,2";
				TEST_TARGET_NAME = Inventory;
			};
			name = Release;
		};
/* End XCBuildConfiguration section */

/* Begin XCConfigurationList section */
		D916AF2B283A2E1C00A8E94B /* Build configuration list for PBXProject "Inventory" */ = {
			isa = XCConfigurationList;
			buildConfigurations = (
				D916AF52283A2E1F00A8E94B /* Debug */,
				D916AF53283A2E1F00A8E94B /* Release */,
			);
			defaultConfigurationIsVisible = 0;
			defaultConfigurationName = Release;
		};
		D916AF54283A2E1F00A8E94B /* Build configuration list for PBXNativeTarget "Inventory" */ = {
			isa = XCConfigurationList;
			buildConfigurations = (
				D916AF55283A2E1F00A8E94B /* Debug */,
				D916AF56283A2E1F00A8E94B /* Release */,
			);
			defaultConfigurationIsVisible = 0;
			defaultConfigurationName = Release;
		};
		D916AF57283A2E1F00A8E94B /* Build configuration list for PBXNativeTarget "InventoryTests" */ = {
			isa = XCConfigurationList;
			buildConfigurations = (
				D916AF58283A2E1F00A8E94B /* Debug */,
				D916AF59283A2E1F00A8E94B /* Release */,
			);
			defaultConfigurationIsVisible = 0;
			defaultConfigurationName = Release;
		};
		D916AF5A283A2E1F00A8E94B /* Build configuration list for PBXNativeTarget "InventoryUITests" */ = {
			isa = XCConfigurationList;
			buildConfigurations = (
				D916AF5B283A2E1F00A8E94B /* Debug */,
				D916AF5C283A2E1F00A8E94B /* Release */,
			);
			defaultConfigurationIsVisible = 0;
			defaultConfigurationName = Release;
		};
/* End XCConfigurationList section */
	};
	rootObject = D916AF28283A2E1C00A8E94B /* Project object */;
}
